
Microsoft Visual Studio Solution File, Format Version 12.00
# Visual Studio Version 17
VisualStudioVersion = 17.10.35027.167
MinimumVisualStudioVersion = 10.0.40219.1
Project("{9A19103F-16F7-4668-BE54-9A1E7A4F7556}") = "MyToDo.Api", "MyToDo.Api.csproj", "{EC9AB128-DB2D-401C-AE3B-65960EEB9D57}"
EndProject
Project("{9A19103F-16F7-4668-BE54-9A1E7A4F7556}") = "MyToDo.Shared", "..\MyToDo.Shared\MyToDo.Shared.csproj", "{2A87F39B-6A40-4A9F-ABFF-18079BEBCD40}"
EndProject
Project("{FAE04EC0-301F-11D3-BF4B-00C04F79EFBC}") = "MyToDo", "..\MyToDo\MyToDo.csproj", "{DA422896-E0B8-4AB2-B7C5-9246BF0F86B3}"
EndProject
Global
	GlobalSection(SolutionConfigurationPlatforms) = preSolution
		Debug|Any CPU = Debug|Any CPU
		Release|Any CPU = Release|Any CPU
	EndGlobalSection
	GlobalSection(ProjectConfigurationPlatforms) = postSolution
		{EC9AB128-DB2D-401C-AE3B-65960EEB9D57}.Debug|Any CPU.ActiveCfg = Debug|Any CPU
		{EC9AB128-DB2D-401C-AE3B-65960EEB9D57}.Debug|Any CPU.Build.0 = Debug|Any CPU
		{EC9AB128-DB2D-401C-AE3B-65960EEB9D57}.Release|Any CPU.ActiveCfg = Release|Any CPU
		{EC9AB128-DB2D-401C-AE3B-65960EEB9D57}.Release|Any CPU.Build.0 = Release|Any CPU
		{2A87F39B-6A40-4A9F-ABFF-18079BEBCD40}.Debug|Any CPU.ActiveCfg = Debug|Any CPU
		{2A87F39B-6A40-4A9F-ABFF-18079BEBCD40}.Debug|Any CPU.Build.0 = Debug|Any CPU
		{2A87F39B-6A40-4A9F-ABFF-18079BEBCD40}.Release|Any CPU.ActiveCfg = Release|Any CPU
		{2A87F39B-6A40-4A9F-ABFF-18079BEBCD40}.Release|Any CPU.Build.0 = Release|Any CPU
		{DA422896-E0B8-4AB2-B7C5-9246BF0F86B3}.Debug|Any CPU.ActiveCfg = Debug|Any CPU
		{DA422896-E0B8-4AB2-B7C5-9246BF0F86B3}.Debug|Any CPU.Build.0 = Debug|Any CPU
		{DA422896-E0B8-4AB2-B7C5-9246BF0F86B3}.Release|Any CPU.ActiveCfg = Release|Any CPU
		{DA422896-E0B8-4AB2-B7C5-9246BF0F86B3}.Release|Any CPU.Build.0 = Release|Any CPU
	EndGlobalSection
	GlobalSection(SolutionProperties) = preSolution
		HideSolutionNode = FALSE
	EndGlobalSection
	GlobalSection(ExtensibilityGlobals) = postSolution
		SolutionGuid = {F6489214-5262-4EA3-B8FA-74CAAFB9CBFA}
	EndGlobalSection
EndGlobal
